// !$*UTF8*$!
{
	archiveVersion = 1;
	classes = {
	};
	objectVersion = 50;
	objects = {

/* Begin PBXBuildFile section */
		55AEE20323ACF6A8009C7A5A /* AppDelegate.swift in Sources */ = {isa = PBXBuildFile; fileRef = 55AEE20223ACF6A8009C7A5A /* AppDelegate.swift */; };
		55AEE20523ACF6A8009C7A5A /* SceneDelegate.swift in Sources */ = {isa = PBXBuildFile; fileRef = 55AEE20423ACF6A8009C7A5A /* SceneDelegate.swift */; };
		55AEE20723ACF6A8009C7A5A /* ViewController.swift in Sources */ = {isa = PBXBuildFile; fileRef = 55AEE20623ACF6A8009C7A5A /* ViewController.swift */; };
		55AEE20A23ACF6A8009C7A5A /* Main.storyboard in Resources */ = {isa = PBXBuildFile; fileRef = 55AEE20823ACF6A8009C7A5A /* Main.storyboard */; };
		55AEE20C23ACF6A9009C7A5A /* Assets.xcassets in Resources */ = {isa = PBXBuildFile; fileRef = 55AEE20B23ACF6A9009C7A5A /* Assets.xcassets */; };
		55AEE20F23ACF6A9009C7A5A /* LaunchScreen.storyboard in Resources */ = {isa = PBXBuildFile; fileRef = 55AEE20D23ACF6A9009C7A5A /* LaunchScreen.storyboard */; };
		55AEE21823ACFB44009C7A5A /* UIExtensions.swift in Sources */ = {isa = PBXBuildFile; fileRef = 55AEE21723ACFB44009C7A5A /* UIExtensions.swift */; };
		55AEE21B23ACFCA9009C7A5A /* Solution.swift in Sources */ = {isa = PBXBuildFile; fileRef = 55AEE21A23ACFCA9009C7A5A /* Solution.swift */; };
		55AEE21E23ACFD02009C7A5A /* 74.swift in Sources */ = {isa = PBXBuildFile; fileRef = 55AEE21D23ACFD02009C7A5A /* 74.swift */; };
		55AEE22023AD1708009C7A5A /* 240.swift in Sources */ = {isa = PBXBuildFile; fileRef = 55AEE21F23AD1708009C7A5A /* 240.swift */; };
		55AEE22223AD1B5B009C7A5A /* 2.swift in Sources */ = {isa = PBXBuildFile; fileRef = 55AEE22123AD1B5B009C7A5A /* 2.swift */; };
/* End PBXBuildFile section */

/* Begin PBXFileReference section */
		55AEE1FF23ACF6A8009C7A5A /* Problem Solving.app */ = {isa = PBXFileReference; explicitFileType = wrapper.application; includeInIndex = 0; path = "Problem Solving.app"; sourceTree = BUILT_PRODUCTS_DIR; };
		55AEE20223ACF6A8009C7A5A /* AppDelegate.swift */ = {isa = PBXFileReference; lastKnownFileType = sourcecode.swift; path = AppDelegate.swift; sourceTree = "<group>"; };
		55AEE20423ACF6A8009C7A5A /* SceneDelegate.swift */ = {isa = PBXFileReference; lastKnownFileType = sourcecode.swift; path = SceneDelegate.swift; sourceTree = "<group>"; };
		55AEE20623ACF6A8009C7A5A /* ViewController.swift */ = {isa = PBXFileReference; lastKnownFileType = sourcecode.swift; path = ViewController.swift; sourceTree = "<group>"; };
		55AEE20923ACF6A8009C7A5A /* Base */ = {isa = PBXFileReference; lastKnownFileType = file.storyboard; name = Base; path = Base.lproj/Main.storyboard; sourceTree = "<group>"; };
		55AEE20B23ACF6A9009C7A5A /* Assets.xcassets */ = {isa = PBXFileReference; lastKnownFileType = folder.assetcatalog; path = Assets.xcassets; sourceTree = "<group>"; };
		55AEE20E23ACF6A9009C7A5A /* Base */ = {isa = PBXFileReference; lastKnownFileType = file.storyboard; name = Base; path = Base.lproj/LaunchScreen.storyboard; sourceTree = "<group>"; };
		55AEE21023ACF6A9009C7A5A /* Info.plist */ = {isa = PBXFileReference; lastKnownFileType = text.plist.xml; path = Info.plist; sourceTree = "<group>"; };
		55AEE21723ACFB44009C7A5A /* UIExtensions.swift */ = {isa = PBXFileReference; lastKnownFileType = sourcecode.swift; path = UIExtensions.swift; sourceTree = "<group>"; };
		55AEE21A23ACFCA9009C7A5A /* Solution.swift */ = {isa = PBXFileReference; lastKnownFileType = sourcecode.swift; path = Solution.swift; sourceTree = "<group>"; };
		55AEE21D23ACFD02009C7A5A /* 74.swift */ = {isa = PBXFileReference; lastKnownFileType = sourcecode.swift; path = 74.swift; sourceTree = "<group>"; };
		55AEE21F23AD1708009C7A5A /* 240.swift */ = {isa = PBXFileReference; lastKnownFileType = sourcecode.swift; path = 240.swift; sourceTree = "<group>"; };
		55AEE22123AD1B5B009C7A5A /* 2.swift */ = {isa = PBXFileReference; lastKnownFileType = sourcecode.swift; path = 2.swift; sourceTree = "<group>"; };
/* End PBXFileReference section */

/* Begin PBXFrameworksBuildPhase section */
		55AEE1FC23ACF6A8009C7A5A /* Frameworks */ = {
			isa = PBXFrameworksBuildPhase;
			buildActionMask = 2147483647;
			files = (
			);
			runOnlyForDeploymentPostprocessing = 0;
		};
/* End PBXFrameworksBuildPhase section */

/* Begin PBXGroup section */
		55AEE1F623ACF6A8009C7A5A = {
			isa = PBXGroup;
			children = (
				55AEE20123ACF6A8009C7A5A /* ProblemSolving */,
				55AEE20023ACF6A8009C7A5A /* Products */,
			);
			sourceTree = "<group>";
		};
		55AEE20023ACF6A8009C7A5A /* Products */ = {
			isa = PBXGroup;
			children = (
				55AEE1FF23ACF6A8009C7A5A /* Problem Solving.app */,
			);
			name = Products;
			sourceTree = "<group>";
		};
		55AEE20123ACF6A8009C7A5A /* ProblemSolving */ = {
			isa = PBXGroup;
			children = (
				55AEE21923ACFC88009C7A5A /* Problems */,
				55AEE21623ACFB33009C7A5A /* Utils */,
				55AEE21A23ACFCA9009C7A5A /* Solution.swift */,
				55AEE20223ACF6A8009C7A5A /* AppDelegate.swift */,
				55AEE20423ACF6A8009C7A5A /* SceneDelegate.swift */,
				55AEE20623ACF6A8009C7A5A /* ViewController.swift */,
				55AEE20823ACF6A8009C7A5A /* Main.storyboard */,
				55AEE20B23ACF6A9009C7A5A /* Assets.xcassets */,
				55AEE20D23ACF6A9009C7A5A /* LaunchScreen.storyboard */,
				55AEE21023ACF6A9009C7A5A /* Info.plist */,
			);
			path = ProblemSolving;
			sourceTree = "<group>";
		};
		55AEE21623ACFB33009C7A5A /* Utils */ = {
			isa = PBXGroup;
			children = (
				55AEE21723ACFB44009C7A5A /* UIExtensions.swift */,
			);
			path = Utils;
			sourceTree = "<group>";
		};
		55AEE21923ACFC88009C7A5A /* Problems */ = {
			isa = PBXGroup;
			children = (
				55AEE21C23ACFCF4009C7A5A /* LeetCode */,
			);
			path = Problems;
			sourceTree = "<group>";
		};
		55AEE21C23ACFCF4009C7A5A /* LeetCode */ = {
			isa = PBXGroup;
			children = (
				55AEE22123AD1B5B009C7A5A /* 2.swift */,
				55AEE21D23ACFD02009C7A5A /* 74.swift */,
				55AEE21F23AD1708009C7A5A /* 240.swift */,
			);
			path = LeetCode;
			sourceTree = "<group>";
		};
/* End PBXGroup section */

/* Begin PBXNativeTarget section */
		55AEE1FE23ACF6A8009C7A5A /* ProblemSolving */ = {
			isa = PBXNativeTarget;
			buildConfigurationList = 55AEE21323ACF6A9009C7A5A /* Build configuration list for PBXNativeTarget "ProblemSolving" */;
			buildPhases = (
				55AEE1FB23ACF6A8009C7A5A /* Sources */,
				55AEE1FC23ACF6A8009C7A5A /* Frameworks */,
				55AEE1FD23ACF6A8009C7A5A /* Resources */,
			);
			buildRules = (
			);
			dependencies = (
			);
			name = ProblemSolving;
			productName = ProblemSolving;
			productReference = 55AEE1FF23ACF6A8009C7A5A /* Problem Solving.app */;
			productType = "com.apple.product-type.application";
		};
/* End PBXNativeTarget section */

/* Begin PBXProject section */
		55AEE1F723ACF6A8009C7A5A /* Project object */ = {
			isa = PBXProject;
			attributes = {
				LastSwiftUpdateCheck = 1130;
				LastUpgradeCheck = 1130;
				ORGANIZATIONNAME = Anjan;
				TargetAttributes = {
					55AEE1FE23ACF6A8009C7A5A = {
						CreatedOnToolsVersion = 11.3;
					};
				};
			};
			buildConfigurationList = 55AEE1FA23ACF6A8009C7A5A /* Build configuration list for PBXProject "ProblemSolving" */;
			compatibilityVersion = "Xcode 9.3";
			developmentRegion = en;
			hasScannedForEncodings = 0;
			knownRegions = (
				en,
				Base,
			);
			mainGroup = 55AEE1F623ACF6A8009C7A5A;
			productRefGroup = 55AEE20023ACF6A8009C7A5A /* Products */;
			projectDirPath = "";
			projectRoot = "";
			targets = (
				55AEE1FE23ACF6A8009C7A5A /* ProblemSolving */,
			);
		};
/* End PBXProject section */

/* Begin PBXResourcesBuildPhase section */
		55AEE1FD23ACF6A8009C7A5A /* Resources */ = {
			isa = PBXResourcesBuildPhase;
			buildActionMask = 2147483647;
			files = (
				55AEE20F23ACF6A9009C7A5A /* LaunchScreen.storyboard in Resources */,
				55AEE20C23ACF6A9009C7A5A /* Assets.xcassets in Resources */,
				55AEE20A23ACF6A8009C7A5A /* Main.storyboard in Resources */,
			);
			runOnlyForDeploymentPostprocessing = 0;
		};
/* End PBXResourcesBuildPhase section */

/* Begin PBXSourcesBuildPhase section */
		55AEE1FB23ACF6A8009C7A5A /* Sources */ = {
			isa = PBXSourcesBuildPhase;
			buildActionMask = 2147483647;
			files = (
				55AEE21B23ACFCA9009C7A5A /* Solution.swift in Sources */,
				55AEE20723ACF6A8009C7A5A /* ViewController.swift in Sources */,
				55AEE22023AD1708009C7A5A /* 240.swift in Sources */,
				55AEE21E23ACFD02009C7A5A /* 74.swift in Sources */,
				55AEE22223AD1B5B009C7A5A /* 2.swift in Sources */,
				55AEE20323ACF6A8009C7A5A /* AppDelegate.swift in Sources */,
				55AEE20523ACF6A8009C7A5A /* SceneDelegate.swift in Sources */,
				55AEE21823ACFB44009C7A5A /* UIExtensions.swift in Sources */,
			);
			runOnlyForDeploymentPostprocessing = 0;
		};
/* End PBXSourcesBuildPhase section */

/* Begin PBXVariantGroup section */
		55AEE20823ACF6A8009C7A5A /* Main.storyboard */ = {
			isa = PBXVariantGroup;
			children = (
				55AEE20923ACF6A8009C7A5A /* Base */,
			);
			name = Main.storyboard;
			sourceTree = "<group>";
		};
		55AEE20D23ACF6A9009C7A5A /* LaunchScreen.storyboard */ = {
			isa = PBXVariantGroup;
			children = (
				55AEE20E23ACF6A9009C7A5A /* Base */,
			);
			name = LaunchScreen.storyboard;
			sourceTree = "<group>";
		};
/* End PBXVariantGroup section */

/* Begin XCBuildConfiguration section */
		55AEE21123ACF6A9009C7A5A /* Debug */ = {
			isa = XCBuildConfiguration;
			buildSettings = {
				ALWAYS_SEARCH_USER_PATHS = NO;
				CLANG_ANALYZER_NONNULL = YES;
				CLANG_ANALYZER_NUMBER_OBJECT_CONVERSION = YES_AGGRESSIVE;
				CLANG_CXX_LANGUAGE_STANDARD = "gnu++14";
				CLANG_CXX_LIBRARY = "libc++";
				CLANG_ENABLE_MODULES = YES;
				CLANG_ENABLE_OBJC_ARC = YES;
				CLANG_ENABLE_OBJC_WEAK = YES;
				CLANG_WARN_BLOCK_CAPTURE_AUTORELEASING = YES;
				CLANG_WARN_BOOL_CONVERSION = YES;
				CLANG_WARN_COMMA = YES;
				CLANG_WARN_CONSTANT_CONVERSION = YES;
				CLANG_WARN_DEPRECATED_OBJC_IMPLEMENTATIONS = YES;
				CLANG_WARN_DIRECT_OBJC_ISA_USAGE = YES_ERROR;
				CLANG_WARN_DOCUMENTATION_COMMENTS = YES;
				CLANG_WARN_EMPTY_BODY = YES;
				CLANG_WARN_ENUM_CONVERSION = YES;
				CLANG_WARN_INFINITE_RECURSION = YES;
				CLANG_WARN_INT_CONVERSION = YES;
				CLANG_WARN_NON_LITERAL_NULL_CONVERSION = YES;
				CLANG_WARN_OBJC_IMPLICIT_RETAIN_SELF = YES;
				CLANG_WARN_OBJC_LITERAL_CONVERSION = YES;
				CLANG_WARN_OBJC_ROOT_CLASS = YES_ERROR;
				CLANG_WARN_RANGE_LOOP_ANALYSIS = YES;
				CLANG_WARN_STRICT_PROTOTYPES = YES;
				CLANG_WARN_SUSPICIOUS_MOVE = YES;
				CLANG_WARN_UNGUARDED_AVAILABILITY = YES_AGGRESSIVE;
				CLANG_WARN_UNREACHABLE_CODE = YES;
				CLANG_WARN__DUPLICATE_METHOD_MATCH = YES;
				COPY_PHASE_STRIP = NO;
				DEBUG_INFORMATION_FORMAT = dwarf;
				ENABLE_STRICT_OBJC_MSGSEND = YES;
				ENABLE_TESTABILITY = YES;
				GCC_C_LANGUAGE_STANDARD = gnu11;
				GCC_DYNAMIC_NO_PIC = NO;
				GCC_NO_COMMON_BLOCKS = YES;
				GCC_OPTIMIZATION_LEVEL = 0;
				GCC_PREPROCESSOR_DEFINITIONS = (
					"DEBUG=1",
					"$(inherited)",
				);
				GCC_WARN_64_TO_32_BIT_CONVERSION = YES;
				GCC_WARN_ABOUT_RETURN_TYPE = YES_ERROR;
				GCC_WARN_UNDECLARED_SELECTOR = YES;
				GCC_WARN_UNINITIALIZED_AUTOS = YES_AGGRESSIVE;
				GCC_WARN_UNUSED_FUNCTION = YES;
				GCC_WARN_UNUSED_VARIABLE = YES;
				IPHONEOS_DEPLOYMENT_TARGET = 13.2;
				MTL_ENABLE_DEBUG_INFO = INCLUDE_SOURCE;
				MTL_FAST_MATH = YES;
				ONLY_ACTIVE_ARCH = YES;
				SDKROOT = iphoneos;
				SWIFT_ACTIVE_COMPILATION_CONDITIONS = DEBUG;
				SWIFT_OPTIMIZATION_LEVEL = "-Onone";
			};
			name = Debug;
		};
		55AEE21223ACF6A9009C7A5A /* Release */ = {
			isa = XCBuildConfiguration;
			buildSettings = {
				ALWAYS_SEARCH_USER_PATHS = NO;
				CLANG_ANALYZER_NONNULL = YES;
				CLANG_ANALYZER_NUMBER_OBJECT_CONVERSION = YES_AGGRESSIVE;
				CLANG_CXX_LANGUAGE_STANDARD = "gnu++14";
				CLANG_CXX_LIBRARY = "libc++";
				CLANG_ENABLE_MODULES = YES;
				CLANG_ENABLE_OBJC_ARC = YES;
				CLANG_ENABLE_OBJC_WEAK = YES;
				CLANG_WARN_BLOCK_CAPTURE_AUTORELEASING = YES;
				CLANG_WARN_BOOL_CONVERSION = YES;
				CLANG_WARN_COMMA = YES;
				CLANG_WARN_CONSTANT_CONVERSION = YES;
				CLANG_WARN_DEPRECATED_OBJC_IMPLEMENTATIONS = YES;
				CLANG_WARN_DIRECT_OBJC_ISA_USAGE = YES_ERROR;
				CLANG_WARN_DOCUMENTATION_COMMENTS = YES;
				CLANG_WARN_EMPTY_BODY = YES;
				CLANG_WARN_ENUM_CONVERSION = YES;
				CLANG_WARN_INFINITE_RECURSION = YES;
				CLANG_WARN_INT_CONVERSION = YES;
				CLANG_WARN_NON_LITERAL_NULL_CONVERSION = YES;
				CLANG_WARN_OBJC_IMPLICIT_RETAIN_SELF = YES;
				CLANG_WARN_OBJC_LITERAL_CONVERSION = YES;
				CLANG_WARN_OBJC_ROOT_CLASS = YES_ERROR;
				CLANG_WARN_RANGE_LOOP_ANALYSIS = YES;
				CLANG_WARN_STRICT_PROTOTYPES = YES;
				CLANG_WARN_SUSPICIOUS_MOVE = YES;
				CLANG_WARN_UNGUARDED_AVAILABILITY = YES_AGGRESSIVE;
				CLANG_WARN_UNREACHABLE_CODE = YES;
				CLANG_WARN__DUPLICATE_METHOD_MATCH = YES;
				COPY_PHASE_STRIP = NO;
				DEBUG_INFORMATION_FORMAT = "dwarf-with-dsym";
				ENABLE_NS_ASSERTIONS = NO;
				ENABLE_STRICT_OBJC_MSGSEND = YES;
				GCC_C_LANGUAGE_STANDARD = gnu11;
				GCC_NO_COMMON_BLOCKS = YES;
				GCC_WARN_64_TO_32_BIT_CONVERSION = YES;
				GCC_WARN_ABOUT_RETURN_TYPE = YES_ERROR;
				GCC_WARN_UNDECLARED_SELECTOR = YES;
				GCC_WARN_UNINITIALIZED_AUTOS = YES_AGGRESSIVE;
				GCC_WARN_UNUSED_FUNCTION = YES;
				GCC_WARN_UNUSED_VARIABLE = YES;
				IPHONEOS_DEPLOYMENT_TARGET = 13.2;
				MTL_ENABLE_DEBUG_INFO = NO;
				MTL_FAST_MATH = YES;
				SDKROOT = iphoneos;
				SWIFT_COMPILATION_MODE = wholemodule;
				SWIFT_OPTIMIZATION_LEVEL = "-O";
				VALIDATE_PRODUCT = YES;
			};
			name = Release;
		};
		55AEE21423ACF6A9009C7A5A /* Debug */ = {
			isa = XCBuildConfiguration;
			buildSettings = {
				ASSETCATALOG_COMPILER_APPICON_NAME = AppIcon;
				CODE_SIGN_IDENTITY = "iPhone Developer";
				CODE_SIGN_STYLE = Manual;
				DEVELOPMENT_TEAM = 96NM38U4RS;
				INFOPLIST_FILE = ProblemSolving/Info.plist;
				IPHONEOS_DEPLOYMENT_TARGET = 10.0;
				LD_RUNPATH_SEARCH_PATHS = (
					"$(inherited)",
					"@executable_path/Frameworks",
				);
				PRODUCT_BUNDLE_IDENTIFIER = com.anjan.problemSolving;
				PRODUCT_NAME = "Problem Solving";
				PROVISIONING_PROFILE_SPECIFIER = problemSolvingWithSwift;
				SWIFT_VERSION = 5.0;
				TARGETED_DEVICE_FAMILY = 1;
			};
			name = Debug;
		};
		55AEE21523ACF6A9009C7A5A /* Release */ = {
			isa = XCBuildConfiguration;
			buildSettings = {
				ASSETCATALOG_COMPILER_APPICON_NAME = AppIcon;
				CODE_SIGN_IDENTITY = "iPhone Developer";
				CODE_SIGN_STYLE = Manual;
				DEVELOPMENT_TEAM = 96NM38U4RS;
				INFOPLIST_FILE = ProblemSolving/Info.plist;
				IPHONEOS_DEPLOYMENT_TARGET = 10.0;
				LD_RUNPATH_SEARCH_PATHS = (
					"$(inherited)",
					"@executable_path/Frameworks",
				);
				PRODUCT_BUNDLE_IDENTIFIER = com.anjan.problemSolving;
				PRODUCT_NAME = "Problem Solving";
				PROVISIONING_PROFILE_SPECIFIER = problemSolvingWithSwift;
				SWIFT_VERSION = 5.0;
				TARGETED_DEVICE_FAMILY = 1;
			};
			name = Release;
		};
/* End XCBuildConfiguration section */

/* Begin XCConfigurationList section */
		55AEE1FA23ACF6A8009C7A5A /* Build configuration list for PBXProject "ProblemSolving" */ = {
			isa = XCConfigurationList;
			buildConfigurations = (
				55AEE21123ACF6A9009C7A5A /* Debug */,
				55AEE21223ACF6A9009C7A5A /* Release */,
			);
			defaultConfigurationIsVisible = 0;
			defaultConfigurationName = Release;
		};
		55AEE21323ACF6A9009C7A5A /* Build configuration list for PBXNativeTarget "ProblemSolving" */ = {
			isa = XCConfigurationList;
			buildConfigurations = (
				55AEE21423ACF6A9009C7A5A /* Debug */,
				55AEE21523ACF6A9009C7A5A /* Release */,
			);
			defaultConfigurationIsVisible = 0;
			defaultConfigurationName = Release;
		};
/* End XCConfigurationList section */
	};
	rootObject = 55AEE1F723ACF6A8009C7A5A /* Project object */;
}
